
Microsoft Visual Studio Solution File, Format Version 12.00
# Visual Studio Version 17
VisualStudioVersion = 17.10.35027.167
MinimumVisualStudioVersion = 10.0.40219.1
Project("{9A19103F-16F7-4668-BE54-9A1E7A4F7556}") = "Mpv.Core", "src\Mpv.Core\Mpv.Core.csproj", "{DBB81BD5-7452-46EB-857C-98CB9DBE5FF7}"
EndProject
Project("{FAE04EC0-301F-11D3-BF4B-00C04F79EFBC}") = "Mpv.UI", "src\Mpv.UI\Mpv.UI.csproj", "{02421B36-B7E3-4A66-8CB1-E5B2B3FFAACB}"
EndProject
Global
	GlobalSection(SolutionConfigurationPlatforms) = preSolution
		Debug|Any CPU = Debug|Any CPU
		Release|Any CPU = Release|Any CPU
	EndGlobalSection
	GlobalSection(ProjectConfigurationPlatforms) = postSolution
		{DBB81BD5-7452-46EB-857C-98CB9DBE5FF7}.Debug|Any CPU.ActiveCfg = Debug|Any CPU
		{DBB81BD5-7452-46EB-857C-98CB9DBE5FF7}.Debug|Any CPU.Build.0 = Debug|Any CPU
		{DBB81BD5-7452-46EB-857C-98CB9DBE5FF7}.Release|Any CPU.ActiveCfg = Release|Any CPU
		{DBB81BD5-7452-46EB-857C-98CB9DBE5FF7}.Release|Any CPU.Build.0 = Release|Any CPU
		{02421B36-B7E3-4A66-8CB1-E5B2B3FFAACB}.Debug|Any CPU.ActiveCfg = Debug|Any CPU
		{02421B36-B7E3-4A66-8CB1-E5B2B3FFAACB}.Debug|Any CPU.Build.0 = Debug|Any CPU
		{02421B36-B7E3-4A66-8CB1-E5B2B3FFAACB}.Release|Any CPU.ActiveCfg = Release|Any CPU
		{02421B36-B7E3-4A66-8CB1-E5B2B3FFAACB}.Release|Any CPU.Build.0 = Release|Any CPU
	EndGlobalSection
	GlobalSection(SolutionProperties) = preSolution
		HideSolutionNode = FALSE
	EndGlobalSection
	GlobalSection(ExtensibilityGlobals) = postSolution
		SolutionGuid = {8AEDFCE9-CBC4-4753-86B1-1CD6CDB3ECC6}
	EndGlobalSection
EndGlobal
